
Microsoft Visual Studio Solution File, Format Version 12.00
# Visual Studio Version 17
VisualStudioVersion = 17.12.35527.113
MinimumVisualStudioVersion = 10.0.40219.1
Project("{8BC9CEB8-8B4A-11D0-8D11-00A0C91BC942}") = "01_Exception", "01_Exception\01_Exception.vcxproj", "{EA6110BF-0707-4FDA-B477-9B89254E30AA}"
EndProject
Project("{8BC9CEB8-8B4A-11D0-8D11-00A0C91BC942}") = "02_const", "02_const\02_const.vcxproj", "{AA873E7D-F233-487C-B56C-E635E25075CF}"
EndProject
Project("{2150E333-8FDC-42A3-9474-1A3956D46DE8}") = "example", "example", "{388BB565-CCA0-4D91-A39C-A1983B9CD5A3}"
EndProject
Project("{2150E333-8FDC-42A3-9474-1A3956D46DE8}") = "Ex", "Ex", "{E89A4EB9-8F41-4BFA-BC8A-05933AEDA355}"
EndProject
Project("{8BC9CEB8-8B4A-11D0-8D11-00A0C91BC942}") = "Ex_AirlineTicket", "Ex_AirlineTicket\Ex_AirlineTicket.vcxproj", "{C9832A2E-F2AC-499F-AAC3-7F92A25537E3}"
EndProject
Project("{8BC9CEB8-8B4A-11D0-8D11-00A0C91BC942}") = "EX_FirstProject", "EX_FirstProject\EX_FirstProject.vcxproj", "{336C4612-B503-4DAE-91CD-0249BBACC762}"
EndProject
Project("{8BC9CEB8-8B4A-11D0-8D11-00A0C91BC942}") = "03_String", "03_String\03_String.vcxproj", "{1186CD1B-2A55-4570-BA66-6A4778148943}"
EndProject
Project("{2150E333-8FDC-42A3-9474-1A3956D46DE8}") = "MyLib", "MyLib", "{873D8890-3734-4AE6-B646-D76828387E60}"
EndProject
Project("{8BC9CEB8-8B4A-11D0-8D11-00A0C91BC942}") = "MyString", "MyString\MyString.vcxproj", "{88527F1A-A5F6-4C1E-9D07-A5094FAA838E}"
EndProject
Project("{8BC9CEB8-8B4A-11D0-8D11-00A0C91BC942}") = "04_Comment", "04_Comment\04_Comment.vcxproj", "{347BED6F-3080-4160-ADB5-5112FEF2D56B}"
EndProject
Project("{8BC9CEB8-8B4A-11D0-8D11-00A0C91BC942}") = "EX_constcast", "EX_constcast\EX_constcast.vcxproj", "{822C82B5-50F5-44C5-8B4A-6B5E34C1FC5B}"
EndProject
Project("{8BC9CEB8-8B4A-11D0-8D11-00A0C91BC942}") = "EX_Callback", "EX_Callback\EX_Callback.vcxproj", "{B93F7B64-F2FA-40CF-ADF6-2AC33EB8A322}"
EndProject
Project("{8BC9CEB8-8B4A-11D0-8D11-00A0C91BC942}") = "EX_ChessGameDesign", "EX_ChessGameDesign\EX_ChessGameDesign.vcxproj", "{8B57D951-4353-4435-A0B6-91FCB81E3049}"
EndProject
Project("{8BC9CEB8-8B4A-11D0-8D11-00A0C91BC942}") = "05_Class", "05_Class\05_Class.vcxproj", "{9157E0DC-E320-4246-ABDE-82CA07B2C646}"
EndProject
Project("{8BC9CEB8-8B4A-11D0-8D11-00A0C91BC942}") = "06_DefaultConstructor", "06_DefaultConstructor\06_DefaultConstructor.vcxproj", "{4EBD6E30-726B-43E9-B82E-29562270F212}"
EndProject
Project("{8BC9CEB8-8B4A-11D0-8D11-00A0C91BC942}") = "07_ConstructorEx", "07_ConstructorEx\07_ConstructorEx.vcxproj", "{40996BC0-528C-49DD-BE19-B4C127843B5B}"
EndProject
Project("{8BC9CEB8-8B4A-11D0-8D11-00A0C91BC942}") = "08_CopyConstructor", "08_CopyConstructor\08_CopyConstructor.vcxproj", "{B84111EB-17C6-4CCD-9CBF-358D81D3B93E}"
EndProject
Project("{8BC9CEB8-8B4A-11D0-8D11-00A0C91BC942}") = "EX_CallByReference", "EX_CallByReference\EX_CallByReference.vcxproj", "{E891CA38-BAA4-421B-8117-FEF0BA610119}"
EndProject
Project("{8BC9CEB8-8B4A-11D0-8D11-00A0C91BC942}") = "09_DelegatingCtonstructor", "09_DelegatingCtonstructor\09_DelegatingCtonstructor.vcxproj", "{D0F82C37-6058-4575-9E22-8100A1F71B2B}"
EndProject
Global
	GlobalSection(SolutionConfigurationPlatforms) = preSolution
		Debug|x64 = Debug|x64
		Debug|x86 = Debug|x86
		Release|x64 = Release|x64
		Release|x86 = Release|x86
	EndGlobalSection
	GlobalSection(ProjectConfigurationPlatforms) = postSolution
		{EA6110BF-0707-4FDA-B477-9B89254E30AA}.Debug|x64.ActiveCfg = Debug|x64
		{EA6110BF-0707-4FDA-B477-9B89254E30AA}.Debug|x64.Build.0 = Debug|x64
		{EA6110BF-0707-4FDA-B477-9B89254E30AA}.Debug|x86.ActiveCfg = Debug|Win32
		{EA6110BF-0707-4FDA-B477-9B89254E30AA}.Debug|x86.Build.0 = Debug|Win32
		{EA6110BF-0707-4FDA-B477-9B89254E30AA}.Release|x64.ActiveCfg = Release|x64
		{EA6110BF-0707-4FDA-B477-9B89254E30AA}.Release|x64.Build.0 = Release|x64
		{EA6110BF-0707-4FDA-B477-9B89254E30AA}.Release|x86.ActiveCfg = Release|Win32
		{EA6110BF-0707-4FDA-B477-9B89254E30AA}.Release|x86.Build.0 = Release|Win32
		{AA873E7D-F233-487C-B56C-E635E25075CF}.Debug|x64.ActiveCfg = Debug|x64
		{AA873E7D-F233-487C-B56C-E635E25075CF}.Debug|x64.Build.0 = Debug|x64
		{AA873E7D-F233-487C-B56C-E635E25075CF}.Debug|x86.ActiveCfg = Debug|Win32
		{AA873E7D-F233-487C-B56C-E635E25075CF}.Debug|x86.Build.0 = Debug|Win32
		{AA873E7D-F233-487C-B56C-E635E25075CF}.Release|x64.ActiveCfg = Release|x64
		{AA873E7D-F233-487C-B56C-E635E25075CF}.Release|x64.Build.0 = Release|x64
		{AA873E7D-F233-487C-B56C-E635E25075CF}.Release|x86.ActiveCfg = Release|Win32
		{AA873E7D-F233-487C-B56C-E635E25075CF}.Release|x86.Build.0 = Release|Win32
		{C9832A2E-F2AC-499F-AAC3-7F92A25537E3}.Debug|x64.ActiveCfg = Debug|x64
		{C9832A2E-F2AC-499F-AAC3-7F92A25537E3}.Debug|x64.Build.0 = Debug|x64
		{C9832A2E-F2AC-499F-AAC3-7F92A25537E3}.Debug|x86.ActiveCfg = Debug|Win32
		{C9832A2E-F2AC-499F-AAC3-7F92A25537E3}.Debug|x86.Build.0 = Debug|Win32
		{C9832A2E-F2AC-499F-AAC3-7F92A25537E3}.Release|x64.ActiveCfg = Release|x64
		{C9832A2E-F2AC-499F-AAC3-7F92A25537E3}.Release|x64.Build.0 = Release|x64
		{C9832A2E-F2AC-499F-AAC3-7F92A25537E3}.Release|x86.ActiveCfg = Release|Win32
		{C9832A2E-F2AC-499F-AAC3-7F92A25537E3}.Release|x86.Build.0 = Release|Win32
		{336C4612-B503-4DAE-91CD-0249BBACC762}.Debug|x64.ActiveCfg = Debug|x64
		{336C4612-B503-4DAE-91CD-0249BBACC762}.Debug|x64.Build.0 = Debug|x64
		{336C4612-B503-4DAE-91CD-0249BBACC762}.Debug|x86.ActiveCfg = Debug|Win32
		{336C4612-B503-4DAE-91CD-0249BBACC762}.Debug|x86.Build.0 = Debug|Win32
		{336C4612-B503-4DAE-91CD-0249BBACC762}.Release|x64.ActiveCfg = Release|x64
		{336C4612-B503-4DAE-91CD-0249BBACC762}.Release|x64.Build.0 = Release|x64
		{336C4612-B503-4DAE-91CD-0249BBACC762}.Release|x86.ActiveCfg = Release|Win32
		{336C4612-B503-4DAE-91CD-0249BBACC762}.Release|x86.Build.0 = Release|Win32
		{1186CD1B-2A55-4570-BA66-6A4778148943}.Debug|x64.ActiveCfg = Debug|x64
		{1186CD1B-2A55-4570-BA66-6A4778148943}.Debug|x64.Build.0 = Debug|x64
		{1186CD1B-2A55-4570-BA66-6A4778148943}.Debug|x86.ActiveCfg = Debug|Win32
		{1186CD1B-2A55-4570-BA66-6A4778148943}.Debug|x86.Build.0 = Debug|Win32
		{1186CD1B-2A55-4570-BA66-6A4778148943}.Release|x64.ActiveCfg = Release|x64
		{1186CD1B-2A55-4570-BA66-6A4778148943}.Release|x64.Build.0 = Release|x64
		{1186CD1B-2A55-4570-BA66-6A4778148943}.Release|x86.ActiveCfg = Release|Win32
		{1186CD1B-2A55-4570-BA66-6A4778148943}.Release|x86.Build.0 = Release|Win32
		{88527F1A-A5F6-4C1E-9D07-A5094FAA838E}.Debug|x64.ActiveCfg = Debug|x64
		{88527F1A-A5F6-4C1E-9D07-A5094FAA838E}.Debug|x64.Build.0 = Debug|x64
		{88527F1A-A5F6-4C1E-9D07-A5094FAA838E}.Debug|x86.ActiveCfg = Debug|Win32
		{88527F1A-A5F6-4C1E-9D07-A5094FAA838E}.Debug|x86.Build.0 = Debug|Win32
		{88527F1A-A5F6-4C1E-9D07-A5094FAA838E}.Release|x64.ActiveCfg = Release|x64
		{88527F1A-A5F6-4C1E-9D07-A5094FAA838E}.Release|x64.Build.0 = Release|x64
		{88527F1A-A5F6-4C1E-9D07-A5094FAA838E}.Release|x86.ActiveCfg = Release|Win32
		{88527F1A-A5F6-4C1E-9D07-A5094FAA838E}.Release|x86.Build.0 = Release|Win32
		{347BED6F-3080-4160-ADB5-5112FEF2D56B}.Debug|x64.ActiveCfg = Debug|x64
		{347BED6F-3080-4160-ADB5-5112FEF2D56B}.Debug|x64.Build.0 = Debug|x64
		{347BED6F-3080-4160-ADB5-5112FEF2D56B}.Debug|x86.ActiveCfg = Debug|Win32
		{347BED6F-3080-4160-ADB5-5112FEF2D56B}.Debug|x86.Build.0 = Debug|Win32
		{347BED6F-3080-4160-ADB5-5112FEF2D56B}.Release|x64.ActiveCfg = Release|x64
		{347BED6F-3080-4160-ADB5-5112FEF2D56B}.Release|x64.Build.0 = Release|x64
		{347BED6F-3080-4160-ADB5-5112FEF2D56B}.Release|x86.ActiveCfg = Release|Win32
		{347BED6F-3080-4160-ADB5-5112FEF2D56B}.Release|x86.Build.0 = Release|Win32
		{822C82B5-50F5-44C5-8B4A-6B5E34C1FC5B}.Debug|x64.ActiveCfg = Debug|x64
		{822C82B5-50F5-44C5-8B4A-6B5E34C1FC5B}.Debug|x64.Build.0 = Debug|x64
		{822C82B5-50F5-44C5-8B4A-6B5E34C1FC5B}.Debug|x86.ActiveCfg = Debug|Win32
		{822C82B5-50F5-44C5-8B4A-6B5E34C1FC5B}.Debug|x86.Build.0 = Debug|Win32
		{822C82B5-50F5-44C5-8B4A-6B5E34C1FC5B}.Release|x64.ActiveCfg = Release|x64
		{822C82B5-50F5-44C5-8B4A-6B5E34C1FC5B}.Release|x64.Build.0 = Release|x64
		{822C82B5-50F5-44C5-8B4A-6B5E34C1FC5B}.Release|x86.ActiveCfg = Release|Win32
		{822C82B5-50F5-44C5-8B4A-6B5E34C1FC5B}.Release|x86.Build.0 = Release|Win32
		{B93F7B64-F2FA-40CF-ADF6-2AC33EB8A322}.Debug|x64.ActiveCfg = Debug|x64
		{B93F7B64-F2FA-40CF-ADF6-2AC33EB8A322}.Debug|x64.Build.0 = Debug|x64
		{B93F7B64-F2FA-40CF-ADF6-2AC33EB8A322}.Debug|x86.ActiveCfg = Debug|Win32
		{B93F7B64-F2FA-40CF-ADF6-2AC33EB8A322}.Debug|x86.Build.0 = Debug|Win32
		{B93F7B64-F2FA-40CF-ADF6-2AC33EB8A322}.Release|x64.ActiveCfg = Release|x64
		{B93F7B64-F2FA-40CF-ADF6-2AC33EB8A322}.Release|x64.Build.0 = Release|x64
		{B93F7B64-F2FA-40CF-ADF6-2AC33EB8A322}.Release|x86.ActiveCfg = Release|Win32
		{B93F7B64-F2FA-40CF-ADF6-2AC33EB8A322}.Release|x86.Build.0 = Release|Win32
		{8B57D951-4353-4435-A0B6-91FCB81E3049}.Debug|x64.ActiveCfg = Debug|x64
		{8B57D951-4353-4435-A0B6-91FCB81E3049}.Debug|x64.Build.0 = Debug|x64
		{8B57D951-4353-4435-A0B6-91FCB81E3049}.Debug|x86.ActiveCfg = Debug|Win32
		{8B57D951-4353-4435-A0B6-91FCB81E3049}.Debug|x86.Build.0 = Debug|Win32
		{8B57D951-4353-4435-A0B6-91FCB81E3049}.Release|x64.ActiveCfg = Release|x64
		{8B57D951-4353-4435-A0B6-91FCB81E3049}.Release|x64.Build.0 = Release|x64
		{8B57D951-4353-4435-A0B6-91FCB81E3049}.Release|x86.ActiveCfg = Release|Win32
		{8B57D951-4353-4435-A0B6-91FCB81E3049}.Release|x86.Build.0 = Release|Win32
		{9157E0DC-E320-4246-ABDE-82CA07B2C646}.Debug|x64.ActiveCfg = Debug|x64
		{9157E0DC-E320-4246-ABDE-82CA07B2C646}.Debug|x64.Build.0 = Debug|x64
		{9157E0DC-E320-4246-ABDE-82CA07B2C646}.Debug|x86.ActiveCfg = Debug|Win32
		{9157E0DC-E320-4246-ABDE-82CA07B2C646}.Debug|x86.Build.0 = Debug|Win32
		{9157E0DC-E320-4246-ABDE-82CA07B2C646}.Release|x64.ActiveCfg = Release|x64
		{9157E0DC-E320-4246-ABDE-82CA07B2C646}.Release|x64.Build.0 = Release|x64
		{9157E0DC-E320-4246-ABDE-82CA07B2C646}.Release|x86.ActiveCfg = Release|Win32
		{9157E0DC-E320-4246-ABDE-82CA07B2C646}.Release|x86.Build.0 = Release|Win32
		{4EBD6E30-726B-43E9-B82E-29562270F212}.Debug|x64.ActiveCfg = Debug|x64
		{4EBD6E30-726B-43E9-B82E-29562270F212}.Debug|x64.Build.0 = Debug|x64
		{4EBD6E30-726B-43E9-B82E-29562270F212}.Debug|x86.ActiveCfg = Debug|Win32
		{4EBD6E30-726B-43E9-B82E-29562270F212}.Debug|x86.Build.0 = Debug|Win32
		{4EBD6E30-726B-43E9-B82E-29562270F212}.Release|x64.ActiveCfg = Release|x64
		{4EBD6E30-726B-43E9-B82E-29562270F212}.Release|x64.Build.0 = Release|x64
		{4EBD6E30-726B-43E9-B82E-29562270F212}.Release|x86.ActiveCfg = Release|Win32
		{4EBD6E30-726B-43E9-B82E-29562270F212}.Release|x86.Build.0 = Release|Win32
		{40996BC0-528C-49DD-BE19-B4C127843B5B}.Debug|x64.ActiveCfg = Debug|x64
		{40996BC0-528C-49DD-BE19-B4C127843B5B}.Debug|x64.Build.0 = Debug|x64
		{40996BC0-528C-49DD-BE19-B4C127843B5B}.Debug|x86.ActiveCfg = Debug|Win32
		{40996BC0-528C-49DD-BE19-B4C127843B5B}.Debug|x86.Build.0 = Debug|Win32
		{40996BC0-528C-49DD-BE19-B4C127843B5B}.Release|x64.ActiveCfg = Release|x64
		{40996BC0-528C-49DD-BE19-B4C127843B5B}.Release|x64.Build.0 = Release|x64
		{40996BC0-528C-49DD-BE19-B4C127843B5B}.Release|x86.ActiveCfg = Release|Win32
		{40996BC0-528C-49DD-BE19-B4C127843B5B}.Release|x86.Build.0 = Release|Win32
		{B84111EB-17C6-4CCD-9CBF-358D81D3B93E}.Debug|x64.ActiveCfg = Debug|x64
		{B84111EB-17C6-4CCD-9CBF-358D81D3B93E}.Debug|x64.Build.0 = Debug|x64
		{B84111EB-17C6-4CCD-9CBF-358D81D3B93E}.Debug|x86.ActiveCfg = Debug|Win32
		{B84111EB-17C6-4CCD-9CBF-358D81D3B93E}.Debug|x86.Build.0 = Debug|Win32
		{B84111EB-17C6-4CCD-9CBF-358D81D3B93E}.Release|x64.ActiveCfg = Release|x64
		{B84111EB-17C6-4CCD-9CBF-358D81D3B93E}.Release|x64.Build.0 = Release|x64
		{B84111EB-17C6-4CCD-9CBF-358D81D3B93E}.Release|x86.ActiveCfg = Release|Win32
		{B84111EB-17C6-4CCD-9CBF-358D81D3B93E}.Release|x86.Build.0 = Release|Win32
		{E891CA38-BAA4-421B-8117-FEF0BA610119}.Debug|x64.ActiveCfg = Debug|x64
		{E891CA38-BAA4-421B-8117-FEF0BA610119}.Debug|x64.Build.0 = Debug|x64
		{E891CA38-BAA4-421B-8117-FEF0BA610119}.Debug|x86.ActiveCfg = Debug|Win32
		{E891CA38-BAA4-421B-8117-FEF0BA610119}.Debug|x86.Build.0 = Debug|Win32
		{E891CA38-BAA4-421B-8117-FEF0BA610119}.Release|x64.ActiveCfg = Release|x64
		{E891CA38-BAA4-421B-8117-FEF0BA610119}.Release|x64.Build.0 = Release|x64
		{E891CA38-BAA4-421B-8117-FEF0BA610119}.Release|x86.ActiveCfg = Release|Win32
		{E891CA38-BAA4-421B-8117-FEF0BA610119}.Release|x86.Build.0 = Release|Win32
		{D0F82C37-6058-4575-9E22-8100A1F71B2B}.Debug|x64.ActiveCfg = Debug|x64
		{D0F82C37-6058-4575-9E22-8100A1F71B2B}.Debug|x64.Build.0 = Debug|x64
		{D0F82C37-6058-4575-9E22-8100A1F71B2B}.Debug|x86.ActiveCfg = Debug|Win32
		{D0F82C37-6058-4575-9E22-8100A1F71B2B}.Debug|x86.Build.0 = Debug|Win32
		{D0F82C37-6058-4575-9E22-8100A1F71B2B}.Release|x64.ActiveCfg = Release|x64
		{D0F82C37-6058-4575-9E22-8100A1F71B2B}.Release|x64.Build.0 = Release|x64
		{D0F82C37-6058-4575-9E22-8100A1F71B2B}.Release|x86.ActiveCfg = Release|Win32
		{D0F82C37-6058-4575-9E22-8100A1F71B2B}.Release|x86.Build.0 = Release|Win32
	EndGlobalSection
	GlobalSection(SolutionProperties) = preSolution
		HideSolutionNode = FALSE
	EndGlobalSection
	GlobalSection(NestedProjects) = preSolution
		{EA6110BF-0707-4FDA-B477-9B89254E30AA} = {388BB565-CCA0-4D91-A39C-A1983B9CD5A3}
		{AA873E7D-F233-487C-B56C-E635E25075CF} = {388BB565-CCA0-4D91-A39C-A1983B9CD5A3}
		{C9832A2E-F2AC-499F-AAC3-7F92A25537E3} = {E89A4EB9-8F41-4BFA-BC8A-05933AEDA355}
		{336C4612-B503-4DAE-91CD-0249BBACC762} = {E89A4EB9-8F41-4BFA-BC8A-05933AEDA355}
		{1186CD1B-2A55-4570-BA66-6A4778148943} = {388BB565-CCA0-4D91-A39C-A1983B9CD5A3}
		{88527F1A-A5F6-4C1E-9D07-A5094FAA838E} = {873D8890-3734-4AE6-B646-D76828387E60}
		{347BED6F-3080-4160-ADB5-5112FEF2D56B} = {388BB565-CCA0-4D91-A39C-A1983B9CD5A3}
		{822C82B5-50F5-44C5-8B4A-6B5E34C1FC5B} = {E89A4EB9-8F41-4BFA-BC8A-05933AEDA355}
		{B93F7B64-F2FA-40CF-ADF6-2AC33EB8A322} = {E89A4EB9-8F41-4BFA-BC8A-05933AEDA355}
		{8B57D951-4353-4435-A0B6-91FCB81E3049} = {E89A4EB9-8F41-4BFA-BC8A-05933AEDA355}
		{9157E0DC-E320-4246-ABDE-82CA07B2C646} = {388BB565-CCA0-4D91-A39C-A1983B9CD5A3}
		{4EBD6E30-726B-43E9-B82E-29562270F212} = {388BB565-CCA0-4D91-A39C-A1983B9CD5A3}
		{40996BC0-528C-49DD-BE19-B4C127843B5B} = {388BB565-CCA0-4D91-A39C-A1983B9CD5A3}
		{B84111EB-17C6-4CCD-9CBF-358D81D3B93E} = {388BB565-CCA0-4D91-A39C-A1983B9CD5A3}
		{E891CA38-BAA4-421B-8117-FEF0BA610119} = {E89A4EB9-8F41-4BFA-BC8A-05933AEDA355}
		{D0F82C37-6058-4575-9E22-8100A1F71B2B} = {388BB565-CCA0-4D91-A39C-A1983B9CD5A3}
	EndGlobalSection
EndGlobal
